
Microsoft Visual Studio Solution File, Format Version 12.00
# Visual Studio Version 16
VisualStudioVersion = 16.0.28803.156
MinimumVisualStudioVersion = 10.0.40219.1
Project("{9A19103F-16F7-4668-BE54-9A1E7A4F7556}") = "MultiTurnPromptBot", "01.multi-turn-prompt\MultiTurnPromptBot.csproj", "{5370ED16-9EC6-4BE3-AE6F-894AB21902FF}"
EndProject
Project("{9A19103F-16F7-4668-BE54-9A1E7A4F7556}") = "CardsBot", "02.using-cards\CardsBot.csproj", "{B74FECB1-36C5-4566-BA4F-BF6FF4294A57}"
EndProject
Project("{9A19103F-16F7-4668-BE54-9A1E7A4F7556}") = "CoreBot", "03.core-bot\CoreBot.csproj", "{249F740D-8C02-477D-BFAB-9567C0552C2D}"
EndProject
Project("{9A19103F-16F7-4668-BE54-9A1E7A4F7556}") = "WaterfallAndAdaptiveBot", "04.waterfall-or-custom-dialog-with-adaptive\WaterfallAndAdaptiveBot.csproj", "{31FB63DC-C6D2-4C49-9149-127FAE71F16A}"
EndProject
Project("{9A19103F-16F7-4668-BE54-9A1E7A4F7556}") = "ToDoBotWithLUISAndQnAMaker", "07.todo-bot-luis-qnamaker\ToDoBotWithLUISAndQnAMaker.csproj", "{4CEC60DF-3EF7-43E5-BBDA-144B52B13246}"
EndProject
Project("{9A19103F-16F7-4668-BE54-9A1E7A4F7556}") = "ToDoBotWithLUIS", "06.todo-bot\ToDoBotWithLUIS.csproj", "{7DC0488D-835A-48FD-BA41-1AF437F1EDEF}"
EndProject
Global
	GlobalSection(SolutionConfigurationPlatforms) = preSolution
		Debug|Any CPU = Debug|Any CPU
		Release|Any CPU = Release|Any CPU
	EndGlobalSection
	GlobalSection(ProjectConfigurationPlatforms) = postSolution
		{5370ED16-9EC6-4BE3-AE6F-894AB21902FF}.Debug|Any CPU.ActiveCfg = Debug|Any CPU
		{5370ED16-9EC6-4BE3-AE6F-894AB21902FF}.Debug|Any CPU.Build.0 = Debug|Any CPU
		{5370ED16-9EC6-4BE3-AE6F-894AB21902FF}.Release|Any CPU.ActiveCfg = Release|Any CPU
		{5370ED16-9EC6-4BE3-AE6F-894AB21902FF}.Release|Any CPU.Build.0 = Release|Any CPU
		{B74FECB1-36C5-4566-BA4F-BF6FF4294A57}.Debug|Any CPU.ActiveCfg = Debug|Any CPU
		{B74FECB1-36C5-4566-BA4F-BF6FF4294A57}.Debug|Any CPU.Build.0 = Debug|Any CPU
		{B74FECB1-36C5-4566-BA4F-BF6FF4294A57}.Release|Any CPU.ActiveCfg = Release|Any CPU
		{B74FECB1-36C5-4566-BA4F-BF6FF4294A57}.Release|Any CPU.Build.0 = Release|Any CPU
		{249F740D-8C02-477D-BFAB-9567C0552C2D}.Debug|Any CPU.ActiveCfg = Debug|Any CPU
		{249F740D-8C02-477D-BFAB-9567C0552C2D}.Debug|Any CPU.Build.0 = Debug|Any CPU
		{249F740D-8C02-477D-BFAB-9567C0552C2D}.Release|Any CPU.ActiveCfg = Release|Any CPU
		{249F740D-8C02-477D-BFAB-9567C0552C2D}.Release|Any CPU.Build.0 = Release|Any CPU
		{31FB63DC-C6D2-4C49-9149-127FAE71F16A}.Debug|Any CPU.ActiveCfg = Debug|Any CPU
		{31FB63DC-C6D2-4C49-9149-127FAE71F16A}.Debug|Any CPU.Build.0 = Debug|Any CPU
		{31FB63DC-C6D2-4C49-9149-127FAE71F16A}.Release|Any CPU.ActiveCfg = Release|Any CPU
		{31FB63DC-C6D2-4C49-9149-127FAE71F16A}.Release|Any CPU.Build.0 = Release|Any CPU
		{4CEC60DF-3EF7-43E5-BBDA-144B52B13246}.Debug|Any CPU.ActiveCfg = Debug|Any CPU
		{4CEC60DF-3EF7-43E5-BBDA-144B52B13246}.Debug|Any CPU.Build.0 = Debug|Any CPU
		{4CEC60DF-3EF7-43E5-BBDA-144B52B13246}.Release|Any CPU.ActiveCfg = Release|Any CPU
		{4CEC60DF-3EF7-43E5-BBDA-144B52B13246}.Release|Any CPU.Build.0 = Release|Any CPU
		{7DC0488D-835A-48FD-BA41-1AF437F1EDEF}.Debug|Any CPU.ActiveCfg = Debug|Any CPU
		{7DC0488D-835A-48FD-BA41-1AF437F1EDEF}.Debug|Any CPU.Build.0 = Debug|Any CPU
		{7DC0488D-835A-48FD-BA41-1AF437F1EDEF}.Release|Any CPU.ActiveCfg = Release|Any CPU
		{7DC0488D-835A-48FD-BA41-1AF437F1EDEF}.Release|Any CPU.Build.0 = Release|Any CPU
	EndGlobalSection
	GlobalSection(SolutionProperties) = preSolution
		HideSolutionNode = FALSE
	EndGlobalSection
	GlobalSection(ExtensibilityGlobals) = postSolution
		SolutionGuid = {21FAF271-4057-4CCA-9834-97919007CD5E}
	EndGlobalSection
EndGlobal
